
Microsoft Visual Studio Solution File, Format Version 12.00
# Visual Studio Version 16
VisualStudioVersion = 16.0.30611.23
MinimumVisualStudioVersion = 10.0.40219.1
Project("{FAE04EC0-301F-11D3-BF4B-00C04F79EFBC}") = "MOD005424_Assignment", "MOD005424_Assignment\MOD005424_Assignment.csproj", "{E0625F4A-D829-4928-8657-BE5A81A3C291}"
EndProject
Global
	GlobalSection(SolutionConfigurationPlatforms) = preSolution
		Debug|Any CPU = Debug|Any CPU
		Release|Any CPU = Release|Any CPU
	EndGlobalSection
	GlobalSection(ProjectConfigurationPlatforms) = postSolution
		{E0625F4A-D829-4928-8657-BE5A81A3C291}.Debug|Any CPU.ActiveCfg = Debug|Any CPU
		{E0625F4A-D829-4928-8657-BE5A81A3C291}.Debug|Any CPU.Build.0 = Debug|Any CPU
		{E0625F4A-D829-4928-8657-BE5A81A3C291}.Release|Any CPU.ActiveCfg = Release|Any CPU
		{E0625F4A-D829-4928-8657-BE5A81A3C291}.Release|Any CPU.Build.0 = Release|Any CPU
	EndGlobalSection
	GlobalSection(SolutionProperties) = preSolution
		HideSolutionNode = FALSE
	EndGlobalSection
	GlobalSection(ExtensibilityGlobals) = postSolution
		SolutionGuid = {64C1AFFC-F4B2-4637-B911-D96E9E5AF528}
	EndGlobalSection
EndGlobal
